// !$*UTF8*$!
{
	archiveVersion = 1;
	classes = {
	};
	objectVersion = 55;
	objects = {

/* Begin PBXBuildFile section */
		B1512F342D3A319F00BD288F /* AppDelegate.swift in Sources */ = {isa = PBXBuildFile; fileRef = B1512F332D3A319F00BD288F /* AppDelegate.swift */; };
		B1512F362D3A319F00BD288F /* SceneDelegate.swift in Sources */ = {isa = PBXBuildFile; fileRef = B1512F352D3A319F00BD288F /* SceneDelegate.swift */; };
		B1512F382D3A319F00BD288F /* ViewController.swift in Sources */ = {isa = PBXBuildFile; fileRef = B1512F372D3A319F00BD288F /* ViewController.swift */; };
		B1512F3B2D3A319F00BD288F /* Main.storyboard in Resources */ = {isa = PBXBuildFile; fileRef = B1512F392D3A319F00BD288F /* Main.storyboard */; };
		B1512F3D2D3A31A600BD288F /* Assets.xcassets in Resources */ = {isa = PBXBuildFile; fileRef = B1512F3C2D3A31A600BD288F /* Assets.xcassets */; };
		B1512F402D3A31A600BD288F /* LaunchScreen.storyboard in Resources */ = {isa = PBXBuildFile; fileRef = B1512F3E2D3A31A600BD288F /* LaunchScreen.storyboard */; };
		B1512F4B2D3A31A700BD288F /* War_EagleTests.swift in Sources */ = {isa = PBXBuildFile; fileRef = B1512F4A2D3A31A700BD288F /* War_EagleTests.swift */; };
		B1512F552D3A31A700BD288F /* War_EagleUITests.swift in Sources */ = {isa = PBXBuildFile; fileRef = B1512F542D3A31A700BD288F /* War_EagleUITests.swift */; };
		B1512F572D3A31A700BD288F /* War_EagleUITestsLaunchTests.swift in Sources */ = {isa = PBXBuildFile; fileRef = B1512F562D3A31A700BD288F /* War_EagleUITestsLaunchTests.swift */; };
/* End PBXBuildFile section */

/* Begin PBXContainerItemProxy section */
		B1512F472D3A31A700BD288F /* PBXContainerItemProxy */ = {
			isa = PBXContainerItemProxy;
			containerPortal = B1512F282D3A319F00BD288F /* Project object */;
			proxyType = 1;
			remoteGlobalIDString = B1512F2F2D3A319F00BD288F;
			remoteInfo = "War Eagle";
		};
		B1512F512D3A31A700BD288F /* PBXContainerItemProxy */ = {
			isa = PBXContainerItemProxy;
			containerPortal = B1512F282D3A319F00BD288F /* Project object */;
			proxyType = 1;
			remoteGlobalIDString = B1512F2F2D3A319F00BD288F;
			remoteInfo = "War Eagle";
		};
/* End PBXContainerItemProxy section */

/* Begin PBXFileReference section */
		B1512F302D3A319F00BD288F /* War Eagle.app */ = {isa = PBXFileReference; explicitFileType = wrapper.application; includeInIndex = 0; path = "War Eagle.app"; sourceTree = BUILT_PRODUCTS_DIR; };
		B1512F332D3A319F00BD288F /* AppDelegate.swift */ = {isa = PBXFileReference; lastKnownFileType = sourcecode.swift; path = AppDelegate.swift; sourceTree = "<group>"; };
		B1512F352D3A319F00BD288F /* SceneDelegate.swift */ = {isa = PBXFileReference; lastKnownFileType = sourcecode.swift; path = SceneDelegate.swift; sourceTree = "<group>"; };
		B1512F372D3A319F00BD288F /* ViewController.swift */ = {isa = PBXFileReference; lastKnownFileType = sourcecode.swift; path = ViewController.swift; sourceTree = "<group>"; };
		B1512F3A2D3A319F00BD288F /* Base */ = {isa = PBXFileReference; lastKnownFileType = file.storyboard; name = Base; path = Base.lproj/Main.storyboard; sourceTree = "<group>"; };
		B1512F3C2D3A31A600BD288F /* Assets.xcassets */ = {isa = PBXFileReference; lastKnownFileType = folder.assetcatalog; path = Assets.xcassets; sourceTree = "<group>"; };
		B1512F3F2D3A31A600BD288F /* Base */ = {isa = PBXFileReference; lastKnownFileType = file.storyboard; name = Base; path = Base.lproj/LaunchScreen.storyboard; sourceTree = "<group>"; };
		B1512F412D3A31A600BD288F /* Info.plist */ = {isa = PBXFileReference; lastKnownFileType = text.plist.xml; path = Info.plist; sourceTree = "<group>"; };
		B1512F462D3A31A700BD288F /* War EagleTests.xctest */ = {isa = PBXFileReference; explicitFileType = wrapper.cfbundle; includeInIndex = 0; path = "War EagleTests.xctest"; sourceTree = BUILT_PRODUCTS_DIR; };
		B1512F4A2D3A31A700BD288F /* War_EagleTests.swift */ = {isa = PBXFileReference; lastKnownFileType = sourcecode.swift; path = War_EagleTests.swift; sourceTree = "<group>"; };
		B1512F502D3A31A700BD288F /* War EagleUITests.xctest */ = {isa = PBXFileReference; explicitFileType = wrapper.cfbundle; includeInIndex = 0; path = "War EagleUITests.xctest"; sourceTree = BUILT_PRODUCTS_DIR; };
		B1512F542D3A31A700BD288F /* War_EagleUITests.swift */ = {isa = PBXFileReference; lastKnownFileType = sourcecode.swift; path = War_EagleUITests.swift; sourceTree = "<group>"; };
		B1512F562D3A31A700BD288F /* War_EagleUITestsLaunchTests.swift */ = {isa = PBXFileReference; lastKnownFileType = sourcecode.swift; path = War_EagleUITestsLaunchTests.swift; sourceTree = "<group>"; };
/* End PBXFileReference section */

/* Begin PBXFrameworksBuildPhase section */
		B1512F2D2D3A319F00BD288F /* Frameworks */ = {
			isa = PBXFrameworksBuildPhase;
			buildActionMask = 2147483647;
			files = (
			);
			runOnlyForDeploymentPostprocessing = 0;
		};
		B1512F432D3A31A600BD288F /* Frameworks */ = {
			isa = PBXFrameworksBuildPhase;
			buildActionMask = 2147483647;
			files = (
			);
			runOnlyForDeploymentPostprocessing = 0;
		};
		B1512F4D2D3A31A700BD288F /* Frameworks */ = {
			isa = PBXFrameworksBuildPhase;
			buildActionMask = 2147483647;
			files = (
			);
			runOnlyForDeploymentPostprocessing = 0;
		};
/* End PBXFrameworksBuildPhase section */

/* Begin PBXGroup section */
		B1512F272D3A319F00BD288F = {
			isa = PBXGroup;
			children = (
				B1512F322D3A319F00BD288F /* War Eagle */,
				B1512F492D3A31A700BD288F /* War EagleTests */,
				B1512F532D3A31A700BD288F /* War EagleUITests */,
				B1512F312D3A319F00BD288F /* Products */,
			);
			sourceTree = "<group>";
		};
		B1512F312D3A319F00BD288F /* Products */ = {
			isa = PBXGroup;
			children = (
				B1512F302D3A319F00BD288F /* War Eagle.app */,
				B1512F462D3A31A700BD288F /* War EagleTests.xctest */,
				B1512F502D3A31A700BD288F /* War EagleUITests.xctest */,
			);
			name = Products;
			sourceTree = "<group>";
		};
		B1512F322D3A319F00BD288F /* War Eagle */ = {
			isa = PBXGroup;
			children = (
				B1512F332D3A319F00BD288F /* AppDelegate.swift */,
				B1512F352D3A319F00BD288F /* SceneDelegate.swift */,
				B1512F372D3A319F00BD288F /* ViewController.swift */,
				B1512F392D3A319F00BD288F /* Main.storyboard */,
				B1512F3C2D3A31A600BD288F /* Assets.xcassets */,
				B1512F3E2D3A31A600BD288F /* LaunchScreen.storyboard */,
				B1512F412D3A31A600BD288F /* Info.plist */,
			);
			path = "War Eagle";
			sourceTree = "<group>";
		};
		B1512F492D3A31A700BD288F /* War EagleTests */ = {
			isa = PBXGroup;
			children = (
				B1512F4A2D3A31A700BD288F /* War_EagleTests.swift */,
			);
			path = "War EagleTests";
			sourceTree = "<group>";
		};
		B1512F532D3A31A700BD288F /* War EagleUITests */ = {
			isa = PBXGroup;
			children = (
				B1512F542D3A31A700BD288F /* War_EagleUITests.swift */,
				B1512F562D3A31A700BD288F /* War_EagleUITestsLaunchTests.swift */,
			);
			path = "War EagleUITests";
			sourceTree = "<group>";
		};
/* End PBXGroup section */

/* Begin PBXNativeTarget section */
		B1512F2F2D3A319F00BD288F /* War Eagle */ = {
			isa = PBXNativeTarget;
			buildConfigurationList = B1512F5A2D3A31A700BD288F /* Build configuration list for PBXNativeTarget "War Eagle" */;
			buildPhases = (
				B1512F2C2D3A319F00BD288F /* Sources */,
				B1512F2D2D3A319F00BD288F /* Frameworks */,
				B1512F2E2D3A319F00BD288F /* Resources */,
			);
			buildRules = (
			);
			dependencies = (
			);
			name = "War Eagle";
			productName = "War Eagle";
			productReference = B1512F302D3A319F00BD288F /* War Eagle.app */;
			productType = "com.apple.product-type.application";
		};
		B1512F452D3A31A600BD288F /* War EagleTests */ = {
			isa = PBXNativeTarget;
			buildConfigurationList = B1512F5D2D3A31A700BD288F /* Build configuration list for PBXNativeTarget "War EagleTests" */;
			buildPhases = (
				B1512F422D3A31A600BD288F /* Sources */,
				B1512F432D3A31A600BD288F /* Frameworks */,
				B1512F442D3A31A600BD288F /* Resources */,
			);
			buildRules = (
			);
			dependencies = (
				B1512F482D3A31A700BD288F /* PBXTargetDependency */,
			);
			name = "War EagleTests";
			productName = "War EagleTests";
			productReference = B1512F462D3A31A700BD288F /* War EagleTests.xctest */;
			productType = "com.apple.product-type.bundle.unit-test";
		};
		B1512F4F2D3A31A700BD288F /* War EagleUITests */ = {
			isa = PBXNativeTarget;
			buildConfigurationList = B1512F602D3A31A700BD288F /* Build configuration list for PBXNativeTarget "War EagleUITests" */;
			buildPhases = (
				B1512F4C2D3A31A700BD288F /* Sources */,
				B1512F4D2D3A31A700BD288F /* Frameworks */,
				B1512F4E2D3A31A700BD288F /* Resources */,
			);
			buildRules = (
			);
			dependencies = (
				B1512F522D3A31A700BD288F /* PBXTargetDependency */,
			);
			name = "War EagleUITests";
			productName = "War EagleUITests";
			productReference = B1512F502D3A31A700BD288F /* War EagleUITests.xctest */;
			productType = "com.apple.product-type.bundle.ui-testing";
		};
/* End PBXNativeTarget section */

/* Begin PBXProject section */
		B1512F282D3A319F00BD288F /* Project object */ = {
			isa = PBXProject;
			attributes = {
				BuildIndependentTargetsInParallel = 1;
				LastSwiftUpdateCheck = 1340;
				LastUpgradeCheck = 1340;
				TargetAttributes = {
					B1512F2F2D3A319F00BD288F = {
						CreatedOnToolsVersion = 13.4;
					};
					B1512F452D3A31A600BD288F = {
						CreatedOnToolsVersion = 13.4;
						TestTargetID = B1512F2F2D3A319F00BD288F;
					};
					B1512F4F2D3A31A700BD288F = {
						CreatedOnToolsVersion = 13.4;
						TestTargetID = B1512F2F2D3A319F00BD288F;
					};
				};
			};
			buildConfigurationList = B1512F2B2D3A319F00BD288F /* Build configuration list for PBXProject "War Eagle" */;
			compatibilityVersion = "Xcode 13.0";
			developmentRegion = en;
			hasScannedForEncodings = 0;
			knownRegions = (
				en,
				Base,
			);
			mainGroup = B1512F272D3A319F00BD288F;
			productRefGroup = B1512F312D3A319F00BD288F /* Products */;
			projectDirPath = "";
			projectRoot = "";
			targets = (
				B1512F2F2D3A319F00BD288F /* War Eagle */,
				B1512F452D3A31A600BD288F /* War EagleTests */,
				B1512F4F2D3A31A700BD288F /* War EagleUITests */,
			);
		};
/* End PBXProject section */

/* Begin PBXResourcesBuildPhase section */
		B1512F2E2D3A319F00BD288F /* Resources */ = {
			isa = PBXResourcesBuildPhase;
			buildActionMask = 2147483647;
			files = (
				B1512F402D3A31A600BD288F /* LaunchScreen.storyboard in Resources */,
				B1512F3D2D3A31A600BD288F /* Assets.xcassets in Resources */,
				B1512F3B2D3A319F00BD288F /* Main.storyboard in Resources */,
			);
			runOnlyForDeploymentPostprocessing = 0;
		};
		B1512F442D3A31A600BD288F /* Resources */ = {
			isa = PBXResourcesBuildPhase;
			buildActionMask = 2147483647;
			files = (
			);
			runOnlyForDeploymentPostprocessing = 0;
		};
		B1512F4E2D3A31A700BD288F /* Resources */ = {
			isa = PBXResourcesBuildPhase;
			buildActionMask = 2147483647;
			files = (
			);
			runOnlyForDeploymentPostprocessing = 0;
		};
/* End PBXResourcesBuildPhase section */

/* Begin PBXSourcesBuildPhase section */
		B1512F2C2D3A319F00BD288F /* Sources */ = {
			isa = PBXSourcesBuildPhase;
			buildActionMask = 2147483647;
			files = (
				B1512F382D3A319F00BD288F /* ViewController.swift in Sources */,
				B1512F342D3A319F00BD288F /* AppDelegate.swift in Sources */,
				B1512F362D3A319F00BD288F /* SceneDelegate.swift in Sources */,
			);
			runOnlyForDeploymentPostprocessing = 0;
		};
		B1512F422D3A31A600BD288F /* Sources */ = {
			isa = PBXSourcesBuildPhase;
			buildActionMask = 2147483647;
			files = (
				B1512F4B2D3A31A700BD288F /* War_EagleTests.swift in Sources */,
			);
			runOnlyForDeploymentPostprocessing = 0;
		};
		B1512F4C2D3A31A700BD288F /* Sources */ = {
			isa = PBXSourcesBuildPhase;
			buildActionMask = 2147483647;
			files = (
				B1512F572D3A31A700BD288F /* War_EagleUITestsLaunchTests.swift in Sources */,
				B1512F552D3A31A700BD288F /* War_EagleUITests.swift in Sources */,
			);
			runOnlyForDeploymentPostprocessing = 0;
		};
/* End PBXSourcesBuildPhase section */

/* Begin PBXTargetDependency section */
		B1512F482D3A31A700BD288F /* PBXTargetDependency */ = {
			isa = PBXTargetDependency;
			target = B1512F2F2D3A319F00BD288F /* War Eagle */;
			targetProxy = B1512F472D3A31A700BD288F /* PBXContainerItemProxy */;
		};
		B1512F522D3A31A700BD288F /* PBXTargetDependency */ = {
			isa = PBXTargetDependency;
			target = B1512F2F2D3A319F00BD288F /* War Eagle */;
			targetProxy = B1512F512D3A31A700BD288F /* PBXContainerItemProxy */;
		};
/* End PBXTargetDependency section */

/* Begin PBXVariantGroup section */
		B1512F392D3A319F00BD288F /* Main.storyboard */ = {
			isa = PBXVariantGroup;
			children = (
				B1512F3A2D3A319F00BD288F /* Base */,
			);
			name = Main.storyboard;
			sourceTree = "<group>";
		};
		B1512F3E2D3A31A600BD288F /* LaunchScreen.storyboard */ = {
			isa = PBXVariantGroup;
			children = (
				B1512F3F2D3A31A600BD288F /* Base */,
			);
			name = LaunchScreen.storyboard;
			sourceTree = "<group>";
		};
/* End PBXVariantGroup section */

/* Begin XCBuildConfiguration section */
		B1512F582D3A31A700BD288F /* Debug */ = {
			isa = XCBuildConfiguration;
			buildSettings = {
				ALWAYS_SEARCH_USER_PATHS = NO;
				CLANG_ANALYZER_NONNULL = YES;
				CLANG_ANALYZER_NUMBER_OBJECT_CONVERSION = YES_AGGRESSIVE;
				CLANG_CXX_LANGUAGE_STANDARD = "gnu++17";
				CLANG_ENABLE_MODULES = YES;
				CLANG_ENABLE_OBJC_ARC = YES;
				CLANG_ENABLE_OBJC_WEAK = YES;
				CLANG_WARN_BLOCK_CAPTURE_AUTORELEASING = YES;
				CLANG_WARN_BOOL_CONVERSION = YES;
				CLANG_WARN_COMMA = YES;
				CLANG_WARN_CONSTANT_CONVERSION = YES;
				CLANG_WARN_DEPRECATED_OBJC_IMPLEMENTATIONS = YES;
				CLANG_WARN_DIRECT_OBJC_ISA_USAGE = YES_ERROR;
				CLANG_WARN_DOCUMENTATION_COMMENTS = YES;
				CLANG_WARN_EMPTY_BODY = YES;
				CLANG_WARN_ENUM_CONVERSION = YES;
				CLANG_WARN_INFINITE_RECURSION = YES;
				CLANG_WARN_INT_CONVERSION = YES;
				CLANG_WARN_NON_LITERAL_NULL_CONVERSION = YES;
				CLANG_WARN_OBJC_IMPLICIT_RETAIN_SELF = YES;
				CLANG_WARN_OBJC_LITERAL_CONVERSION = YES;
				CLANG_WARN_OBJC_ROOT_CLASS = YES_ERROR;
				CLANG_WARN_QUOTED_INCLUDE_IN_FRAMEWORK_HEADER = YES;
				CLANG_WARN_RANGE_LOOP_ANALYSIS = YES;
				CLANG_WARN_STRICT_PROTOTYPES = YES;
				CLANG_WARN_SUSPICIOUS_MOVE = YES;
				CLANG_WARN_UNGUARDED_AVAILABILITY = YES_AGGRESSIVE;
				CLANG_WARN_UNREACHABLE_CODE = YES;
				CLANG_WARN__DUPLICATE_METHOD_MATCH = YES;
				COPY_PHASE_STRIP = NO;
				DEBUG_INFORMATION_FORMAT = dwarf;
				ENABLE_STRICT_OBJC_MSGSEND = YES;
				ENABLE_TESTABILITY = YES;
				GCC_C_LANGUAGE_STANDARD = gnu11;
				GCC_DYNAMIC_NO_PIC = NO;
				GCC_NO_COMMON_BLOCKS = YES;
				GCC_OPTIMIZATION_LEVEL = 0;
				GCC_PREPROCESSOR_DEFINITIONS = (
					"DEBUG=1",
					"$(inherited)",
				);
				GCC_WARN_64_TO_32_BIT_CONVERSION = YES;
				GCC_WARN_ABOUT_RETURN_TYPE = YES_ERROR;
				GCC_WARN_UNDECLARED_SELECTOR = YES;
				GCC_WARN_UNINITIALIZED_AUTOS = YES_AGGRESSIVE;
				GCC_WARN_UNUSED_FUNCTION = YES;
				GCC_WARN_UNUSED_VARIABLE = YES;
				IPHONEOS_DEPLOYMENT_TARGET = 15.5;
				MTL_ENABLE_DEBUG_INFO = INCLUDE_SOURCE;
				MTL_FAST_MATH = YES;
				ONLY_ACTIVE_ARCH = YES;
				SDKROOT = iphoneos;
				SWIFT_ACTIVE_COMPILATION_CONDITIONS = DEBUG;
				SWIFT_OPTIMIZATION_LEVEL = "-Onone";
			};
			name = Debug;
		};
		B1512F592D3A31A700BD288F /* Release */ = {
			isa = XCBuildConfiguration;
			buildSettings = {
				ALWAYS_SEARCH_USER_PATHS = NO;
				CLANG_ANALYZER_NONNULL = YES;
				CLANG_ANALYZER_NUMBER_OBJECT_CONVERSION = YES_AGGRESSIVE;
				CLANG_CXX_LANGUAGE_STANDARD = "gnu++17";
				CLANG_ENABLE_MODULES = YES;
				CLANG_ENABLE_OBJC_ARC = YES;
				CLANG_ENABLE_OBJC_WEAK = YES;
				CLANG_WARN_BLOCK_CAPTURE_AUTORELEASING = YES;
				CLANG_WARN_BOOL_CONVERSION = YES;
				CLANG_WARN_COMMA = YES;
				CLANG_WARN_CONSTANT_CONVERSION = YES;
				CLANG_WARN_DEPRECATED_OBJC_IMPLEMENTATIONS = YES;
				CLANG_WARN_DIRECT_OBJC_ISA_USAGE = YES_ERROR;
				CLANG_WARN_DOCUMENTATION_COMMENTS = YES;
				CLANG_WARN_EMPTY_BODY = YES;
				CLANG_WARN_ENUM_CONVERSION = YES;
				CLANG_WARN_INFINITE_RECURSION = YES;
				CLANG_WARN_INT_CONVERSION = YES;
				CLANG_WARN_NON_LITERAL_NULL_CONVERSION = YES;
				CLANG_WARN_OBJC_IMPLICIT_RETAIN_SELF = YES;
				CLANG_WARN_OBJC_LITERAL_CONVERSION = YES;
				CLANG_WARN_OBJC_ROOT_CLASS = YES_ERROR;
				CLANG_WARN_QUOTED_INCLUDE_IN_FRAMEWORK_HEADER = YES;
				CLANG_WARN_RANGE_LOOP_ANALYSIS = YES;
				CLANG_WARN_STRICT_PROTOTYPES = YES;
				CLANG_WARN_SUSPICIOUS_MOVE = YES;
				CLANG_WARN_UNGUARDED_AVAILABILITY = YES_AGGRESSIVE;
				CLANG_WARN_UNREACHABLE_CODE = YES;
				CLANG_WARN__DUPLICATE_METHOD_MATCH = YES;
				COPY_PHASE_STRIP = NO;
				DEBUG_INFORMATION_FORMAT = "dwarf-with-dsym";
				ENABLE_NS_ASSERTIONS = NO;
				ENABLE_STRICT_OBJC_MSGSEND = YES;
				GCC_C_LANGUAGE_STANDARD = gnu11;
				GCC_NO_COMMON_BLOCKS = YES;
				GCC_WARN_64_TO_32_BIT_CONVERSION = YES;
				GCC_WARN_ABOUT_RETURN_TYPE = YES_ERROR;
				GCC_WARN_UNDECLARED_SELECTOR = YES;
				GCC_WARN_UNINITIALIZED_AUTOS = YES_AGGRESSIVE;
				GCC_WARN_UNUSED_FUNCTION = YES;
				GCC_WARN_UNUSED_VARIABLE = YES;
				IPHONEOS_DEPLOYMENT_TARGET = 15.5;
				MTL_ENABLE_DEBUG_INFO = NO;
				MTL_FAST_MATH = YES;
				SDKROOT = iphoneos;
				SWIFT_COMPILATION_MODE = wholemodule;
				SWIFT_OPTIMIZATION_LEVEL = "-O";
				VALIDATE_PRODUCT = YES;
			};
			name = Release;
		};
		B1512F5B2D3A31A700BD288F /* Debug */ = {
			isa = XCBuildConfiguration;
			buildSettings = {
				ASSETCATALOG_COMPILER_APPICON_NAME = AppIcon;
				ASSETCATALOG_COMPILER_GLOBAL_ACCENT_COLOR_NAME = AccentColor;
				CODE_SIGN_STYLE = Automatic;
				CURRENT_PROJECT_VERSION = 1;
				GENERATE_INFOPLIST_FILE = YES;
				INFOPLIST_FILE = "War Eagle/Info.plist";
				INFOPLIST_KEY_UIApplicationSupportsIndirectInputEvents = YES;
				INFOPLIST_KEY_UILaunchStoryboardName = LaunchScreen;
				INFOPLIST_KEY_UIMainStoryboardFile = Main;
				INFOPLIST_KEY_UISupportedInterfaceOrientations_iPad = "UIInterfaceOrientationPortrait UIInterfaceOrientationPortraitUpsideDown UIInterfaceOrientationLandscapeLeft UIInterfaceOrientationLandscapeRight";
				INFOPLIST_KEY_UISupportedInterfaceOrientations_iPhone = "UIInterfaceOrientationPortrait UIInterfaceOrientationLandscapeLeft UIInterfaceOrientationLandscapeRight";
				LD_RUNPATH_SEARCH_PATHS = (
					"$(inherited)",
					"@executable_path/Frameworks",
				);
				MARKETING_VERSION = 1.0;
				PRODUCT_BUNDLE_IDENTIFIER = "edu.auburn.onlinecsse.War-Eagle";
				PRODUCT_NAME = "$(TARGET_NAME)";
				SWIFT_EMIT_LOC_STRINGS = YES;
				SWIFT_VERSION = 5.0;
				TARGETED_DEVICE_FAMILY = "1,2";
			};
			name = Debug;
		};
		B1512F5C2D3A31A700BD288F /* Release */ = {
			isa = XCBuildConfiguration;
			buildSettings = {
				ASSETCATALOG_COMPILER_APPICON_NAME = AppIcon;
				ASSETCATALOG_COMPILER_GLOBAL_ACCENT_COLOR_NAME = AccentColor;
				CODE_SIGN_STYLE = Automatic;
				CURRENT_PROJECT_VERSION = 1;
				GENERATE_INFOPLIST_FILE = YES;
				INFOPLIST_FILE = "War Eagle/Info.plist";
				INFOPLIST_KEY_UIApplicationSupportsIndirectInputEvents = YES;
				INFOPLIST_KEY_UILaunchStoryboardName = LaunchScreen;
				INFOPLIST_KEY_UIMainStoryboardFile = Main;
				INFOPLIST_KEY_UISupportedInterfaceOrientations_iPad = "UIInterfaceOrientationPortrait UIInterfaceOrientationPortraitUpsideDown UIInterfaceOrientationLandscapeLeft UIInterfaceOrientationLandscapeRight";
				INFOPLIST_KEY_UISupportedInterfaceOrientations_iPhone = "UIInterfaceOrientationPortrait UIInterfaceOrientationLandscapeLeft UIInterfaceOrientationLandscapeRight";
				LD_RUNPATH_SEARCH_PATHS = (
					"$(inherited)",
					"@executable_path/Frameworks",
				);
				MARKETING_VERSION = 1.0;
				PRODUCT_BUNDLE_IDENTIFIER = "edu.auburn.onlinecsse.War-Eagle";
				PRODUCT_NAME = "$(TARGET_NAME)";
				SWIFT_EMIT_LOC_STRINGS = YES;
				SWIFT_VERSION = 5.0;
				TARGETED_DEVICE_FAMILY = "1,2";
			};
			name = Release;
		};
		B1512F5E2D3A31A700BD288F /* Debug */ = {
			isa = XCBuildConfiguration;
			buildSettings = {
				ALWAYS_EMBED_SWIFT_STANDARD_LIBRARIES = YES;
				BUNDLE_LOADER = "$(TEST_HOST)";
				CODE_SIGN_STYLE = Automatic;
				CURRENT_PROJECT_VERSION = 1;
				GENERATE_INFOPLIST_FILE = YES;
				IPHONEOS_DEPLOYMENT_TARGET = 15.5;
				MARKETING_VERSION = 1.0;
				PRODUCT_BUNDLE_IDENTIFIER = "edu.auburn.onlinecsse.War-EagleTests";
				PRODUCT_NAME = "$(TARGET_NAME)";
				SWIFT_EMIT_LOC_STRINGS = NO;
				SWIFT_VERSION = 5.0;
				TARGETED_DEVICE_FAMILY = "1,2";
				TEST_HOST = "$(BUILT_PRODUCTS_DIR)/War Eagle.app/War Eagle";
			};
			name = Debug;
		};
		B1512F5F2D3A31A700BD288F /* Release */ = {
			isa = XCBuildConfiguration;
			buildSettings = {
				ALWAYS_EMBED_SWIFT_STANDARD_LIBRARIES = YES;
				BUNDLE_LOADER = "$(TEST_HOST)";
				CODE_SIGN_STYLE = Automatic;
				CURRENT_PROJECT_VERSION = 1;
				GENERATE_INFOPLIST_FILE = YES;
				IPHONEOS_DEPLOYMENT_TARGET = 15.5;
				MARKETING_VERSION = 1.0;
				PRODUCT_BUNDLE_IDENTIFIER = "edu.auburn.onlinecsse.War-EagleTests";
				PRODUCT_NAME = "$(TARGET_NAME)";
				SWIFT_EMIT_LOC_STRINGS = NO;
				SWIFT_VERSION = 5.0;
				TARGETED_DEVICE_FAMILY = "1,2";
				TEST_HOST = "$(BUILT_PRODUCTS_DIR)/War Eagle.app/War Eagle";
			};
			name = Release;
		};
		B1512F612D3A31A700BD288F /* Debug */ = {
			isa = XCBuildConfiguration;
			buildSettings = {
				ALWAYS_EMBED_SWIFT_STANDARD_LIBRARIES = YES;
				CODE_SIGN_STYLE = Automatic;
				CURRENT_PROJECT_VERSION = 1;
				GENERATE_INFOPLIST_FILE = YES;
				MARKETING_VERSION = 1.0;
				PRODUCT_BUNDLE_IDENTIFIER = "edu.auburn.onlinecsse.War-EagleUITests";
				PRODUCT_NAME = "$(TARGET_NAME)";
				SWIFT_EMIT_LOC_STRINGS = NO;
				SWIFT_VERSION = 5.0;
				TARGETED_DEVICE_FAMILY = "1,2";
				TEST_TARGET_NAME = "War Eagle";
			};
			name = Debug;
		};
		B1512F622D3A31A700BD288F /* Release */ = {
			isa = XCBuildConfiguration;
			buildSettings = {
				ALWAYS_EMBED_SWIFT_STANDARD_LIBRARIES = YES;
				CODE_SIGN_STYLE = Automatic;
				CURRENT_PROJECT_VERSION = 1;
				GENERATE_INFOPLIST_FILE = YES;
				MARKETING_VERSION = 1.0;
				PRODUCT_BUNDLE_IDENTIFIER = "edu.auburn.onlinecsse.War-EagleUITests";
				PRODUCT_NAME = "$(TARGET_NAME)";
				SWIFT_EMIT_LOC_STRINGS = NO;
				SWIFT_VERSION = 5.0;
				TARGETED_DEVICE_FAMILY = "1,2";
				TEST_TARGET_NAME = "War Eagle";
			};
			name = Release;
		};
/* End XCBuildConfiguration section */

/* Begin XCConfigurationList section */
		B1512F2B2D3A319F00BD288F /* Build configuration list for PBXProject "War Eagle" */ = {
			isa = XCConfigurationList;
			buildConfigurations = (
				B1512F582D3A31A700BD288F /* Debug */,
				B1512F592D3A31A700BD288F /* Release */,
			);
			defaultConfigurationIsVisible = 0;
			defaultConfigurationName = Release;
		};
		B1512F5A2D3A31A700BD288F /* Build configuration list for PBXNativeTarget "War Eagle" */ = {
			isa = XCConfigurationList;
			buildConfigurations = (
				B1512F5B2D3A31A700BD288F /* Debug */,
				B1512F5C2D3A31A700BD288F /* Release */,
			);
			defaultConfigurationIsVisible = 0;
			defaultConfigurationName = Release;
		};
		B1512F5D2D3A31A700BD288F /* Build configuration list for PBXNativeTarget "War EagleTests" */ = {
			isa = XCConfigurationList;
			buildConfigurations = (
				B1512F5E2D3A31A700BD288F /* Debug */,
				B1512F5F2D3A31A700BD288F /* Release */,
			);
			defaultConfigurationIsVisible = 0;
			defaultConfigurationName = Release;
		};
		B1512F602D3A31A700BD288F /* Build configuration list for PBXNativeTarget "War EagleUITests" */ = {
			isa = XCConfigurationList;
			buildConfigurations = (
				B1512F612D3A31A700BD288F /* Debug */,
				B1512F622D3A31A700BD288F /* Release */,
			);
			defaultConfigurationIsVisible = 0;
			defaultConfigurationName = Release;
		};
/* End XCConfigurationList section */
	};
	rootObject = B1512F282D3A319F00BD288F /* Project object */;
}
